
Microsoft Visual Studio Solution File, Format Version 12.00
# Visual Studio 2013
VisualStudioVersion = 12.0.21005.1
MinimumVisualStudioVersion = 10.0.40219.1
Project("{FAE04EC0-301F-11D3-BF4B-00C04F79EFBC}") = "initial_setup", "initial_setup\initial_setup.csproj", "{10C0813D-39FA-4C80-9B40-3DF2170B2072}"
EndProject
Global
	GlobalSection(SolutionConfigurationPlatforms) = preSolution
		Debug|Any CPU = Debug|Any CPU
		Release|Any CPU = Release|Any CPU
	EndGlobalSection
	GlobalSection(ProjectConfigurationPlatforms) = postSolution
		{10C0813D-39FA-4C80-9B40-3DF2170B2072}.Debug|Any CPU.ActiveCfg = Debug|Any CPU
		{10C0813D-39FA-4C80-9B40-3DF2170B2072}.Debug|Any CPU.Build.0 = Debug|Any CPU
		{10C0813D-39FA-4C80-9B40-3DF2170B2072}.Release|Any CPU.ActiveCfg = Release|Any CPU
		{10C0813D-39FA-4C80-9B40-3DF2170B2072}.Release|Any CPU.Build.0 = Release|Any CPU
	EndGlobalSection
	GlobalSection(SolutionProperties) = preSolution
		HideSolutionNode = FALSE
	EndGlobalSection
EndGlobal
